
Microsoft Visual Studio Solution File, Format Version 12.00
# Visual Studio Version 17
VisualStudioVersion = 17.11.35312.102
MinimumVisualStudioVersion = 10.0.40219.1
Project("{FAE04EC0-301F-11D3-BF4B-00C04F79EFBC}") = "QACORDMS.Client", "QACORDMS.Client\QACORDMS.Client.csproj", "{649CE641-2B80-448C-A2A0-9CC86647D7CB}"
EndProject
Project("{54435603-DBB4-11D2-8724-00A0C9A8B90C}") = "BAKERTILLY-DMS", "Bakertilly\Bakertilly.vdproj", "{541CEF8F-BFC1-851F-5BEB-6D702CC6D155}"
EndProject
Global
	GlobalSection(SolutionConfigurationPlatforms) = preSolution
		Debug|Any CPU = Debug|Any CPU
		Release|Any CPU = Release|Any CPU
	EndGlobalSection
	GlobalSection(ProjectConfigurationPlatforms) = postSolution
		{649CE641-2B80-448C-A2A0-9CC86647D7CB}.Debug|Any CPU.ActiveCfg = Debug|Any CPU
		{649CE641-2B80-448C-A2A0-9CC86647D7CB}.Debug|Any CPU.Build.0 = Debug|Any CPU
		{649CE641-2B80-448C-A2A0-9CC86647D7CB}.Release|Any CPU.ActiveCfg = Release|Any CPU
		{649CE641-2B80-448C-A2A0-9CC86647D7CB}.Release|Any CPU.Build.0 = Release|Any CPU
		{541CEF8F-BFC1-851F-5BEB-6D702CC6D155}.Debug|Any CPU.ActiveCfg = Debug
		{541CEF8F-BFC1-851F-5BEB-6D702CC6D155}.Debug|Any CPU.Build.0 = Debug
		{541CEF8F-BFC1-851F-5BEB-6D702CC6D155}.Release|Any CPU.ActiveCfg = Release
		{541CEF8F-BFC1-851F-5BEB-6D702CC6D155}.Release|Any CPU.Build.0 = Release
	EndGlobalSection
	GlobalSection(SolutionProperties) = preSolution
		HideSolutionNode = FALSE
	EndGlobalSection
	GlobalSection(ExtensibilityGlobals) = postSolution
		SolutionGuid = {0B84A3FF-C0FB-499D-9456-AA86F1F310CD}
	EndGlobalSection
EndGlobal
